
Microsoft Visual Studio Solution File, Format Version 12.00
# Visual Studio 2013
VisualStudioVersion = 12.0.21005.1
MinimumVisualStudioVersion = 10.0.40219.1
Project("{FAE04EC0-301F-11D3-BF4B-00C04F79EFBC}") = "iTEC2014", "iTEC 2014\iTEC2014.csproj", "{81CFC795-FE9A-42D6-BA57-41E174B8EFCF}"
EndProject
Global
	GlobalSection(SolutionConfigurationPlatforms) = preSolution
		Debug|Any CPU = Debug|Any CPU
		Release|Any CPU = Release|Any CPU
	EndGlobalSection
	GlobalSection(ProjectConfigurationPlatforms) = postSolution
		{81CFC795-FE9A-42D6-BA57-41E174B8EFCF}.Debug|Any CPU.ActiveCfg = Debug|Any CPU
		{81CFC795-FE9A-42D6-BA57-41E174B8EFCF}.Debug|Any CPU.Build.0 = Debug|Any CPU
		{81CFC795-FE9A-42D6-BA57-41E174B8EFCF}.Release|Any CPU.ActiveCfg = Release|Any CPU
		{81CFC795-FE9A-42D6-BA57-41E174B8EFCF}.Release|Any CPU.Build.0 = Release|Any CPU
	EndGlobalSection
	GlobalSection(SolutionProperties) = preSolution
		HideSolutionNode = FALSE
	EndGlobalSection
EndGlobal
